{
  "nodes": {
    "armory-runtime-nixpkgs": {
      "locked": {
        "lastModified": 1606681687,
        "narHash": "sha256-hY9Dq8fIK/sDmLgXzhoQnqvwEV2jK2Yv6anjJBeAfZs=",
        "owner": "NixOS",
        "repo": "nixpkgs",
        "rev": "752b6a95db93f03d6901304f760bd452b4b7db41",
        "type": "github"
      },
      "original": {
        "owner": "NixOS",
        "repo": "nixpkgs",
        "rev": "752b6a95db93f03d6901304f760bd452b4b7db41",
        "type": "github"
      }
    },
    "codex-nix": {
      "inputs": {
        "flake-utils": [
          "flake-utils"
        ],
        "nixpkgs": [
          "nixpkgs"
        ]
      },
      "locked": {
        "lastModified": 1784658824,
        "narHash": "sha256-TYW3rOz0V0NgXCTW+/GcdX5kNyRsMsxoS5FGRKmo0Jw=",
        "owner": "sadjow",
        "repo": "codex-cli-nix",
        "rev": "bd1773d0f796c93de7f4f00ea6c2469e95e44b62",
        "type": "github"
      },
      "original": {
        "owner": "sadjow",
        "repo": "codex-cli-nix",
        "type": "github"
      }
    },
    "demlo": {
      "inputs": {
        "flake-utils": "flake-utils",
        "nixpkgs": [
          "nixpkgs"
        ]
      },
      "locked": {
        "lastModified": 1780530226,
        "narHash": "sha256-/bHHkip0WYx7nt2E0L2wfYTC1qRViNJ/FtWNeYrM2MM=",
        "owner": "sabrsorensen",
        "repo": "demlo",
        "rev": "e1fd39a8122ae1fc769eb34716e195c586811718",
        "type": "github"
      },
      "original": {
        "owner": "sabrsorensen",
        "ref": "v3.8.1",
        "repo": "demlo",
        "type": "github"
      }
    },
    "determinate": {
      "inputs": {
        "determinate-nixd-aarch64-darwin": "determinate-nixd-aarch64-darwin",
        "determinate-nixd-aarch64-linux": "determinate-nixd-aarch64-linux",
        "determinate-nixd-x86_64-linux": "determinate-nixd-x86_64-linux",
        "nix": "nix",
        "nixpkgs": "nixpkgs_2"
      },
      "locked": {
        "lastModified": 1784594853,
        "narHash": "sha256-2z08u28D2MHNIsDfndq3yzmL1vG6Sn3sKIC77W8s13A=",
        "rev": "73b3bdb962a070aa088ac310e606ff760bcc0cf7",
        "revCount": 429,
        "type": "tarball",
        "url": "https://api.flakehub.com/f/pinned/DeterminateSystems/determinate/3.21.8/019f8227-b1af-7091-908e-aef95c3fd5e0/source.tar.gz"
      },
      "original": {
        "type": "tarball",
        "url": "https://flakehub.com/f/DeterminateSystems/determinate/3"
      }
    },
    "determinate-nixd-aarch64-darwin": {
      "flake": false,
      "locked": {
        "narHash": "sha256-k3TvVP0x97ao/aI8+8HRQhC4277gqgGxn1nudH6xe9c=",
        "type": "file",
        "url": "https://install.determinate.systems/determinate-nixd/tag/v3.21.8/macOS"
      },
      "original": {
        "type": "file",
        "url": "https://install.determinate.systems/determinate-nixd/tag/v3.21.8/macOS"
      }
    },
    "determinate-nixd-aarch64-linux": {
      "flake": false,
      "locked": {
        "narHash": "sha256-WHcb+sQEhTjyQqtgrmGknchVP4eMU7X+vSXBveW5M4o=",
        "type": "file",
        "url": "https://install.determinate.systems/determinate-nixd/tag/v3.21.8/aarch64-linux"
      },
      "original": {
        "type": "file",
        "url": "https://install.determinate.systems/determinate-nixd/tag/v3.21.8/aarch64-linux"
      }
    },
    "determinate-nixd-x86_64-linux": {
      "flake": false,
      "locked": {
        "narHash": "sha256-n4yqmhHyGB8s5nGzgweyLCpSAkr/CJC6Kn/wG1guUy0=",
        "type": "file",
        "url": "https://install.determinate.systems/determinate-nixd/tag/v3.21.8/x86_64-linux"
      },
      "original": {
        "type": "file",
        "url": "https://install.determinate.systems/determinate-nixd/tag/v3.21.8/x86_64-linux"
      }
    },
    "disko": {
      "inputs": {
        "nixpkgs": [
          "nixpkgs"
        ]
      },
      "locked": {
        "lastModified": 1781152676,
        "narHash": "sha256-RxWs5ND31KzTG7wvMM+PMfUjyNpmIEr999lqNARaM5o=",
        "owner": "nix-community",
        "repo": "disko",
        "rev": "ff8702b4de27f72b4c78573dfb89ec74e36abdf1",
        "type": "github"
      },
      "original": {
        "owner": "nix-community",
        "repo": "disko",
        "type": "github"
      }
    },
    "firefox-csshacks": {
      "flake": false,
      "locked": {
        "lastModified": 1784803587,
        "narHash": "sha256-irQ+LUoN9NQWHOuV89mGQeedyAQOjiqDpig5v2Or928=",
        "owner": "MrOtherGuy",
        "repo": "firefox-csshacks",
        "rev": "52e47afe74182b4a31d6e2a229e687daa3916c7e",
        "type": "github"
      },
      "original": {
        "owner": "MrOtherGuy",
        "repo": "firefox-csshacks",
        "type": "github"
      }
    },
    "flake-compat": {
      "flake": false,
      "locked": {
        "lastModified": 1696426674,
        "narHash": "sha256-kvjfFW7WAETZlt09AgDn1MrtKzP7t90Vf7vypd3OL1U=",
        "owner": "edolstra",
        "repo": "flake-compat",
        "rev": "0f9255e01c2351cc7d116c072cb317785dd33b33",
        "type": "github"
      },
      "original": {
        "owner": "edolstra",
        "repo": "flake-compat",
        "type": "github"
      }
    },
    "flake-compat_2": {
      "locked": {
        "lastModified": 1733328505,
        "narHash": "sha256-NeCCThCEP3eCl2l/+27kNNK7QrwZB1IJCrXfrbv5oqU=",
        "rev": "ff81ac966bb2cae68946d5ed5fc4994f96d0ffec",
        "revCount": 69,
        "type": "tarball",
        "url": "https://api.flakehub.com/f/pinned/edolstra/flake-compat/1.1.0/01948eb7-9cba-704f-bbf3-3fa956735b52/source.tar.gz"
      },
      "original": {
        "type": "tarball",
        "url": "https://flakehub.com/f/edolstra/flake-compat/%2A"
      }
    },
    "flake-file": {
      "locked": {
        "lastModified": 1785193256,
        "narHash": "sha256-KsEoDoDbXp1PJqp2s7U64rfxZ6J5TS9utLNM4r6tEzs=",
        "owner": "vic",
        "repo": "flake-file",
        "rev": "cddd6489b9ef8d20b50a57851763c1931390dc2b",
        "type": "github"
      },
      "original": {
        "owner": "vic",
        "repo": "flake-file",
        "type": "github"
      }
    },
    "flake-parts": {
      "inputs": {
        "nixpkgs-lib": [
          "determinate",
          "nix",
          "nixpkgs"
        ]
      },
      "locked": {
        "lastModified": 1748821116,
        "narHash": "sha256-F82+gS044J1APL0n4hH50GYdPRv/5JWm34oCJYmVKdE=",
        "rev": "49f0870db23e8c1ca0b5259734a02cd9e1e371a1",
        "revCount": 377,
        "type": "tarball",
        "url": "https://api.flakehub.com/f/pinned/hercules-ci/flake-parts/0.1.377%2Brev-49f0870db23e8c1ca0b5259734a02cd9e1e371a1/01972f28-554a-73f8-91f4-d488cc502f08/source.tar.gz"
      },
      "original": {
        "type": "tarball",
        "url": "https://flakehub.com/f/hercules-ci/flake-parts/0.1"
      }
    },
    "flake-parts_2": {
      "inputs": {
        "nixpkgs-lib": [
          "nixpkgs"
        ]
      },
      "locked": {
        "lastModified": 1782949081,
        "narHash": "sha256-vp6Y/Grm98ESt6ceOkWiHWyZRDV3J1RID4w+6NWK9yA=",
        "rev": "17c9d6cdfc60c64f4ee8d306f9bc0b4ccb51481e",
        "revCount": 480,
        "type": "tarball",
        "url": "https://api.flakehub.com/f/pinned/hercules-ci/flake-parts/0.1.480%2Brev-17c9d6cdfc60c64f4ee8d306f9bc0b4ccb51481e/019f2195-dee5-7233-9747-eca0c27f7406/source.tar.gz"
      },
      "original": {
        "type": "tarball",
        "url": "https://flakehub.com/f/hercules-ci/flake-parts/%2A"
      }
    },
    "flake-utils": {
      "inputs": {
        "systems": "systems"
      },
      "locked": {
        "lastModified": 1731533236,
        "narHash": "sha256-l0KFg5HjrsfsO/JpG+r7fRrqm12kzFHyUHqHCVpMMbI=",
        "owner": "numtide",
        "repo": "flake-utils",
        "rev": "11707dc2f618dd54ca8739b309ec4fc024de578b",
        "type": "github"
      },
      "original": {
        "owner": "numtide",
        "repo": "flake-utils",
        "type": "github"
      }
    },
    "flake-utils_2": {
      "inputs": {
        "systems": "systems_2"
      },
      "locked": {
        "lastModified": 1731533236,
        "narHash": "sha256-l0KFg5HjrsfsO/JpG+r7fRrqm12kzFHyUHqHCVpMMbI=",
        "rev": "11707dc2f618dd54ca8739b309ec4fc024de578b",
        "revCount": 102,
        "type": "tarball",
        "url": "https://api.flakehub.com/f/pinned/numtide/flake-utils/0.1.102%2Brev-11707dc2f618dd54ca8739b309ec4fc024de578b/0193276d-5b8f-7dbc-acf1-41cb7b54ad2e/source.tar.gz"
      },
      "original": {
        "type": "tarball",
        "url": "https://flakehub.com/f/numtide/flake-utils/%2A"
      }
    },
    "git-hooks-nix": {
      "inputs": {
        "flake-compat": "flake-compat",
        "gitignore": [
          "determinate",
          "nix"
        ],
        "nixpkgs": [
          "determinate",
          "nix",
          "nixpkgs"
        ]
      },
      "locked": {
        "lastModified": 1747372754,
        "narHash": "sha256-2Y53NGIX2vxfie1rOW0Qb86vjRZ7ngizoo+bnXU9D9k=",
        "rev": "80479b6ec16fefd9c1db3ea13aeb038c60530f46",
        "revCount": 1026,
        "type": "tarball",
        "url": "https://api.flakehub.com/f/pinned/cachix/git-hooks.nix/0.1.1026%2Brev-80479b6ec16fefd9c1db3ea13aeb038c60530f46/0196d79a-1b35-7b8e-a021-c894fb62163d/source.tar.gz"
      },
      "original": {
        "type": "tarball",
        "url": "https://flakehub.com/f/cachix/git-hooks.nix/0.1.941"
      }
    },
    "gitignore": {
      "flake": false,
      "locked": {
        "lastModified": 1779519900,
        "narHash": "sha256-nOvlG7TpUppdJrfLMxNKHjxPKoAzu8u5D5me5dtFhv4=",
        "owner": "hyrfilm",
        "repo": "gitignore",
        "rev": "dfe25c50aaca91c7903ebb30423e663a4181ed28",
        "type": "github"
      },
      "original": {
        "owner": "hyrfilm",
        "repo": "gitignore",
        "type": "github"
      }
    },
    "home-manager": {
      "inputs": {
        "nixpkgs": [
          "nixpkgs"
        ]
      },
      "locked": {
        "lastModified": 1785269816,
        "narHash": "sha256-6JkNDlJ18NY1iAuoSYCPDO7O+yYN/vPwpFmHOHNpVvY=",
        "owner": "nix-community",
        "repo": "home-manager",
        "rev": "3d25fa94cf355cf7da64c77bb9c3c15806486329",
        "type": "github"
      },
      "original": {
        "owner": "nix-community",
        "repo": "home-manager",
        "type": "github"
      }
    },
    "impermanence": {
      "inputs": {
        "home-manager": [
          "home-manager"
        ],
        "nixpkgs": [
          "nixpkgs"
        ]
      },
      "locked": {
        "lastModified": 1769548169,
        "narHash": "sha256-03+JxvzmfwRu+5JafM0DLbxgHttOQZkUtDWBmeUkN8Y=",
        "rev": "7b1d382faf603b6d264f58627330f9faa5cba149",
        "revCount": 203,
        "type": "tarball",
        "url": "https://api.flakehub.com/f/pinned/nix-community/impermanence/0.1.203%2Brev-7b1d382faf603b6d264f58627330f9faa5cba149/019c014c-22f0-7bc1-89bc-eaec73f657b8/source.tar.gz"
      },
      "original": {
        "type": "tarball",
        "url": "https://flakehub.com/f/nix-community/impermanence/%2A"
      }
    },
    "import-tree": {
      "locked": {
        "lastModified": 1784254960,
        "narHash": "sha256-iI88R3wHz8wTKQb5orvpc51L/Xr64AJyxid/0MKa/b8=",
        "owner": "vic",
        "repo": "import-tree",
        "rev": "4ebb10ae17d5f1ad366e7aef5b92cb8eecf24f69",
        "type": "github"
      },
      "original": {
        "owner": "vic",
        "repo": "import-tree",
        "type": "github"
      }
    },
    "jovian-nixos": {
      "inputs": {
        "nix-github-actions": "nix-github-actions",
        "nixpkgs": [
          "nixpkgs"
        ]
      },
      "locked": {
        "lastModified": 1784963415,
        "narHash": "sha256-FycEkL1vvoKEuTzkW3Hz9kQeyqK1+TV7mLc3/rus3w4=",
        "owner": "Jovian-Experiments",
        "repo": "Jovian-NixOS",
        "rev": "be17a1eeb43b5d80028bb4e217234298e663738a",
        "type": "github"
      },
      "original": {
        "owner": "Jovian-Experiments",
        "repo": "Jovian-NixOS",
        "type": "github"
      }
    },
    "lazyvim": {
      "inputs": {
        "flake-utils": [
          "flake-utils"
        ],
        "nixpkgs": [
          "nixpkgs"
        ]
      },
      "locked": {
        "lastModified": 1781223826,
        "narHash": "sha256-ezB1SLk4wyBkJZC9NHKn21FsheyVdmFha+FO/6tflO4=",
        "owner": "pfassina",
        "repo": "lazyvim-nix",
        "rev": "d1f9bd2bfff35708dfaf75351bce06580a862f61",
        "type": "github"
      },
      "original": {
        "owner": "pfassina",
        "repo": "lazyvim-nix",
        "type": "github"
      }
    },
    "nix": {
      "inputs": {
        "flake-parts": "flake-parts",
        "git-hooks-nix": "git-hooks-nix",
        "nixpkgs": "nixpkgs",
        "nixpkgs-23-11": "nixpkgs-23-11",
        "nixpkgs-regression": "nixpkgs-regression"
      },
      "locked": {
        "lastModified": 1784591579,
        "narHash": "sha256-Ri/OBH1gg42wgC02OuFKBZu68niiRkHyBphK0pxJLfQ=",
        "rev": "979cc556a2d619079b9f8618226e679d58f0901a",
        "revCount": 26280,
        "type": "tarball",
        "url": "https://api.flakehub.com/f/pinned/DeterminateSystems/nix-src/3.21.8/019f821d-c2c8-79a1-824b-8fa3b0dcdc51/source.tar.gz"
      },
      "original": {
        "type": "tarball",
        "url": "https://flakehub.com/f/DeterminateSystems/nix-src/%2A"
      }
    },
    "nix-auto-follow": {
      "inputs": {
        "nixpkgs": [
          "nixpkgs"
        ]
      },
      "locked": {
        "lastModified": 1782404455,
        "narHash": "sha256-yJvy+JrrHxkl+XWZFQo/5o8WSNPUI0O+2yoT2CFKgbI=",
        "owner": "fzakaria",
        "repo": "nix-auto-follow",
        "rev": "83f2b736b2705e536eff7e5075e7b15fba12cb22",
        "type": "github"
      },
      "original": {
        "owner": "fzakaria",
        "repo": "nix-auto-follow",
        "type": "github"
      }
    },
    "nix-flatpak": {
      "locked": {
        "lastModified": 1783368811,
        "narHash": "sha256-0H8jDwR4Kegb3heaTrH1ftbgKfZVDT8JE+46uXxDy/Q=",
        "owner": "gmodena",
        "repo": "nix-flatpak",
        "rev": "20d42f0ee98c9fe9f85e8d1de474f1409ed10d05",
        "type": "github"
      },
      "original": {
        "owner": "gmodena",
        "repo": "nix-flatpak",
        "type": "github"
      }
    },
    "nix-github-actions": {
      "inputs": {
        "nixpkgs": [
          "jovian-nixos",
          "nixpkgs"
        ]
      },
      "locked": {
        "lastModified": 1729697500,
        "narHash": "sha256-VFTWrbzDlZyFHHb1AlKRiD/qqCJIripXKiCSFS8fAOY=",
        "owner": "zhaofengli",
        "repo": "nix-github-actions",
        "rev": "e418aeb728b6aa5ca8c5c71974e7159c2df1d8cf",
        "type": "github"
      },
      "original": {
        "owner": "zhaofengli",
        "ref": "matrix-name",
        "repo": "nix-github-actions",
        "type": "github"
      }
    },
    "nix-index-database": {
      "inputs": {
        "nixpkgs": [
          "nixpkgs"
        ]
      },
      "locked": {
        "lastModified": 1785046085,
        "narHash": "sha256-UiK+mmZJuLWQVhJ5b2wDzogIYWAesyRm6LA3h3Ulh3Y=",
        "owner": "nix-community",
        "repo": "nix-index-database",
        "rev": "11665045df8b9938ef811a3bfdc65cffb02b4b70",
        "type": "github"
      },
      "original": {
        "owner": "nix-community",
        "repo": "nix-index-database",
        "type": "github"
      }
    },
    "nix-secrets": {
      "flake": false,
      "locked": {
        "lastModified": 1784907996,
        "narHash": "sha256-MqaHKnWf6uchUvAe2fCXQGMn7n/MTzpkPJCN1jQjDiU=",
        "owner": "sabrsorensen",
        "repo": "nix-secrets",
        "rev": "a02e4e4f94318032c7fe9fcd6045138f3c203bb9",
        "type": "github"
      },
      "original": {
        "owner": "sabrsorensen",
        "repo": "nix-secrets",
        "type": "github"
      }
    },
    "nix-work-secrets": {
      "flake": false,
      "locked": {
        "lastModified": 1781204666,
        "narHash": "sha256-NQxle6KGRiiglXhWC1hlQJxMPLNwA8O7HP8L2sCQK9w=",
        "ref": "refs/heads/main",
        "rev": "66b9fa8854af85cedc16552619c59d671185d49f",
        "revCount": 32,
        "type": "git",
        "url": "https://github.com/sabrsorensen/nix-work-secrets.git"
      },
      "original": {
        "type": "git",
        "url": "https://github.com/sabrsorensen/nix-work-secrets.git"
      }
    },
    "nix4vscode": {
      "inputs": {
        "nixpkgs": [
          "nixpkgs"
        ],
        "systems": "systems_3"
      },
      "locked": {
        "lastModified": 1785207992,
        "narHash": "sha256-de/WqUIy9fUg1xwzmUNWZYQkzcM820nvOk9bRugZ5qg=",
        "owner": "nix-community",
        "repo": "nix4vscode",
        "rev": "0f56071316fb7817397f35f607126cf86802a7c4",
        "type": "github"
      },
      "original": {
        "owner": "nix-community",
        "repo": "nix4vscode",
        "type": "github"
      }
    },
    "nixos-hardware": {
      "inputs": {
        "nixpkgs": "nixpkgs_3"
      },
      "locked": {
        "lastModified": 1785232496,
        "narHash": "sha256-65EQYIRRpTdpH8lUiB6Mvo5uBkG60aBIzAJuALfx+O0=",
        "owner": "NixOS",
        "repo": "nixos-hardware",
        "rev": "2e790b0a6be8ec2b76174ac0931b8ff11919ec98",
        "type": "github"
      },
      "original": {
        "owner": "NixOS",
        "repo": "nixos-hardware",
        "type": "github"
      }
    },
    "nixos-wsl": {
      "inputs": {
        "flake-compat": [
          "flake-compat"
        ],
        "nixpkgs": [
          "nixpkgs"
        ]
      },
      "locked": {
        "lastModified": 1784642409,
        "narHash": "sha256-hcbDqFuySAJawljt5r0sKBCJKYnbtGD0T/ZIozH1Dq0=",
        "owner": "nix-community",
        "repo": "NixOS-WSL",
        "rev": "eaeb18da90024448a60eb1ec7132eafa4003404e",
        "type": "github"
      },
      "original": {
        "owner": "nix-community",
        "repo": "NixOS-WSL",
        "type": "github"
      }
    },
    "nixpkgs": {
      "locked": {
        "lastModified": 1782767157,
        "narHash": "sha256-db/8NgfehQlPNt8rMY0J1gvwzTaURU/foM7y/AQimIM=",
        "rev": "1d4e0f865d68258aada31e68e6d79c8c463f3b34",
        "revCount": 914302,
        "type": "tarball",
        "url": "https://api.flakehub.com/f/pinned/NixOS/nixpkgs/0.2511.914302%2Brev-1d4e0f865d68258aada31e68e6d79c8c463f3b34/019f1c78-b5ab-7af2-8516-c0d5406b0646/source.tar.gz"
      },
      "original": {
        "type": "tarball",
        "url": "https://flakehub.com/f/NixOS/nixpkgs/0.2511"
      }
    },
    "nixpkgs-23-11": {
      "locked": {
        "lastModified": 1717159533,
        "narHash": "sha256-oamiKNfr2MS6yH64rUn99mIZjc45nGJlj9eGth/3Xuw=",
        "owner": "NixOS",
        "repo": "nixpkgs",
        "rev": "a62e6edd6d5e1fa0329b8653c801147986f8d446",
        "type": "github"
      },
      "original": {
        "owner": "NixOS",
        "repo": "nixpkgs",
        "rev": "a62e6edd6d5e1fa0329b8653c801147986f8d446",
        "type": "github"
      }
    },
    "nixpkgs-regression": {
      "locked": {
        "lastModified": 1643052045,
        "narHash": "sha256-uGJ0VXIhWKGXxkeNnq4TvV3CIOkUJ3PAoLZ3HMzNVMw=",
        "owner": "NixOS",
        "repo": "nixpkgs",
        "rev": "215d4d0fd80ca5163643b03a33fde804a29cc1e2",
        "type": "github"
      },
      "original": {
        "owner": "NixOS",
        "repo": "nixpkgs",
        "rev": "215d4d0fd80ca5163643b03a33fde804a29cc1e2",
        "type": "github"
      }
    },
    "nixpkgs_2": {
      "locked": {
        "lastModified": 1783224372,
        "narHash": "sha256-8i/87eeoqiGE4yOTjwSA3Eh/ziJRQEmd/unYU+K27sk=",
        "rev": "d407951447dcd00442e97087bf374aad70c04cea",
        "revCount": 1027867,
        "type": "tarball",
        "url": "https://api.flakehub.com/f/pinned/DeterminateSystems/nixpkgs-weekly/0.1.1027867%2Brev-d407951447dcd00442e97087bf374aad70c04cea/019f5f44-877c-7d13-9197-5add91357247/source.tar.gz"
      },
      "original": {
        "type": "tarball",
        "url": "https://flakehub.com/f/DeterminateSystems/nixpkgs-weekly/0.1"
      }
    },
    "nixpkgs_3": {
      "locked": {
        "lastModified": 1767892417,
        "narHash": "sha256-8bW3q88CEg2u4hSP66Vf4lpbLonHz7hqDNBMcCY7E9U=",
        "rev": "3497aa5c9457a9d88d71fa93a4a8368816fbeeba",
        "type": "tarball",
        "url": "https://releases.nixos.org/nixos/unstable/nixos-26.05pre924538.3497aa5c9457/nixexprs.tar.xz"
      },
      "original": {
        "type": "tarball",
        "url": "https://channels.nixos.org/nixos-unstable/nixexprs.tar.xz"
      }
    },
    "nixpkgs_4": {
      "locked": {
        "lastModified": 1784497964,
        "narHash": "sha256-vlHUuqAcbcH2RKmHbPiuQzbv1pnzzavXnI62RD0bqCU=",
        "rev": "241313f4e8e508cb9b13278c2b0fa25b9ca27163",
        "revCount": 1037713,
        "type": "tarball",
        "url": "https://api.flakehub.com/f/pinned/DeterminateSystems/nixpkgs-weekly/0.1.1037713%2Brev-241313f4e8e508cb9b13278c2b0fa25b9ca27163/019fa760-2880-7491-9ad9-7ba4669f6a84/source.tar.gz"
      },
      "original": {
        "type": "tarball",
        "url": "https://flakehub.com/f/DeterminateSystems/nixpkgs-weekly/0.1"
      }
    },
    "nur": {
      "inputs": {
        "flake-parts": [
          "flake-parts"
        ],
        "nixpkgs": [
          "nixpkgs"
        ]
      },
      "locked": {
        "lastModified": 1785268481,
        "narHash": "sha256-ZeFJ0obgld0QO/ZRwLE/uYSm3IoE2W6Ng94+lzXSVlw=",
        "owner": "nix-community",
        "repo": "NUR",
        "rev": "75b6a29edad78ed83542576f5b47c69ca8b15a6c",
        "type": "github"
      },
      "original": {
        "owner": "nix-community",
        "repo": "NUR",
        "type": "github"
      }
    },
    "partyowl84-vscode-theme": {
      "inputs": {
        "flake-utils": [
          "flake-utils"
        ],
        "nixpkgs": [
          "nixpkgs"
        ]
      },
      "locked": {
        "lastModified": 1782519719,
        "narHash": "sha256-2LLN6okoLKqb6nlafszuEpgHmGaORwqz+udcuMKQMDI=",
        "owner": "sabrsorensen",
        "repo": "partyowl84-vscode-theme",
        "rev": "79151b8f43b801c67358da50218a027533617678",
        "type": "github"
      },
      "original": {
        "owner": "sabrsorensen",
        "repo": "partyowl84-vscode-theme",
        "type": "github"
      }
    },
    "root": {
      "inputs": {
        "armory-runtime-nixpkgs": "armory-runtime-nixpkgs",
        "codex-nix": "codex-nix",
        "demlo": "demlo",
        "determinate": "determinate",
        "disko": "disko",
        "firefox-csshacks": "firefox-csshacks",
        "flake-compat": "flake-compat_2",
        "flake-file": "flake-file",
        "flake-parts": "flake-parts_2",
        "flake-utils": "flake-utils_2",
        "gitignore": "gitignore",
        "home-manager": "home-manager",
        "impermanence": "impermanence",
        "import-tree": "import-tree",
        "jovian-nixos": "jovian-nixos",
        "lazyvim": "lazyvim",
        "nix-auto-follow": "nix-auto-follow",
        "nix-flatpak": "nix-flatpak",
        "nix-index-database": "nix-index-database",
        "nix-secrets": "nix-secrets",
        "nix-work-secrets": "nix-work-secrets",
        "nix4vscode": "nix4vscode",
        "nixos-hardware": "nixos-hardware",
        "nixos-wsl": "nixos-wsl",
        "nixpkgs": "nixpkgs_4",
        "nur": "nur",
        "partyowl84-vscode-theme": "partyowl84-vscode-theme",
        "sops-nix": "sops-nix",
        "synthwave-84-vscode-theme": "synthwave-84-vscode-theme",
        "synthwave-blues-vscode-theme": "synthwave-blues-vscode-theme",
        "treefmt-nix": "treefmt-nix"
      }
    },
    "sops-nix": {
      "inputs": {
        "nixpkgs": [
          "nixpkgs"
        ]
      },
      "locked": {
        "lastModified": 1783174389,
        "narHash": "sha256-aCWC8ngycU7OdJrU2+Je3qf+1a2ykuBvpPhZT/9tXMc=",
        "rev": "f1406619a3884cd5c47992a70b8b35c9c0fcb4c9",
        "revCount": 1226,
        "type": "tarball",
        "url": "https://api.flakehub.com/f/pinned/Mic92/sops-nix/0.1.1226%2Brev-f1406619a3884cd5c47992a70b8b35c9c0fcb4c9/019f2d7c-1182-7c41-add3-b0b21dcb0093/source.tar.gz"
      },
      "original": {
        "type": "tarball",
        "url": "https://flakehub.com/f/Mic92/sops-nix/%2A"
      }
    },
    "synthwave-84-vscode-theme": {
      "inputs": {
        "flake-utils": [
          "flake-utils"
        ],
        "nixpkgs": [
          "nixpkgs"
        ],
        "synthwave-vscode": "synthwave-vscode"
      },
      "locked": {
        "lastModified": 1782519685,
        "narHash": "sha256-+TtRVEiF3lhBNnr/5buTRN3PPw/UBxVmYvuG9I6w+JI=",
        "owner": "sabrsorensen",
        "repo": "nix-synthwave-vscode",
        "rev": "4a6dcd860cf6222777b7cca01d21ba5dc2421445",
        "type": "github"
      },
      "original": {
        "owner": "sabrsorensen",
        "repo": "nix-synthwave-vscode",
        "type": "github"
      }
    },
    "synthwave-blues-vscode-theme": {
      "inputs": {
        "flake-utils": [
          "flake-utils"
        ],
        "nixpkgs": [
          "nixpkgs"
        ]
      },
      "locked": {
        "lastModified": 1782519735,
        "narHash": "sha256-pp7HgqyVeHKbrjbQkBbKfsB4Bw16Xo+jgk/TRYJHPCw=",
        "owner": "sabrsorensen",
        "repo": "synthwave-blues-vscode-theme",
        "rev": "f2f0ee558bc5e2efd4d3ad6836ee17659a0bc1ef",
        "type": "github"
      },
      "original": {
        "owner": "sabrsorensen",
        "repo": "synthwave-blues-vscode-theme",
        "type": "github"
      }
    },
    "synthwave-vscode": {
      "flake": false,
      "locked": {
        "lastModified": 1752763346,
        "narHash": "sha256-c+ANBRI2RnnjNt/13vMLCNzsyif8CPp4T3jz+uk+ILU=",
        "owner": "robb0wen",
        "repo": "synthwave-vscode",
        "rev": "ecfa2fe1279f7233663fa3f98a96e6756000567b",
        "type": "github"
      },
      "original": {
        "owner": "robb0wen",
        "repo": "synthwave-vscode",
        "type": "github"
      }
    },
    "systems": {
      "locked": {
        "lastModified": 1681028828,
        "narHash": "sha256-Vy1rq5AaRuLzOxct8nz4T6wlgyUR7zLU309k9mBC768=",
        "owner": "nix-systems",
        "repo": "default",
        "rev": "da67096a3b9bf56a91d16901293e51ba5b49a27e",
        "type": "github"
      },
      "original": {
        "owner": "nix-systems",
        "repo": "default",
        "type": "github"
      }
    },
    "systems_2": {
      "locked": {
        "lastModified": 1681028828,
        "narHash": "sha256-Vy1rq5AaRuLzOxct8nz4T6wlgyUR7zLU309k9mBC768=",
        "owner": "nix-systems",
        "repo": "default",
        "rev": "da67096a3b9bf56a91d16901293e51ba5b49a27e",
        "type": "github"
      },
      "original": {
        "owner": "nix-systems",
        "repo": "default",
        "type": "github"
      }
    },
    "systems_3": {
      "flake": false,
      "locked": {
        "lastModified": 1681028828,
        "narHash": "sha256-Vy1rq5AaRuLzOxct8nz4T6wlgyUR7zLU309k9mBC768=",
        "owner": "nix-systems",
        "repo": "default",
        "rev": "da67096a3b9bf56a91d16901293e51ba5b49a27e",
        "type": "github"
      },
      "original": {
        "owner": "nix-systems",
        "repo": "default",
        "type": "github"
      }
    },
    "treefmt-nix": {
      "inputs": {
        "nixpkgs": [
          "nixpkgs"
        ]
      },
      "locked": {
        "lastModified": 1784369104,
        "narHash": "sha256-47cxbcZODibHv3rELFQ9vZly0vUNkND/atn/U7HLeb0=",
        "rev": "df3c0640565d04a0261253cdd89fce78ec50168a",
        "revCount": 553,
        "type": "tarball",
        "url": "https://api.flakehub.com/f/pinned/numtide/treefmt-nix/0.1.553%2Brev-df3c0640565d04a0261253cdd89fce78ec50168a/019f765a-822a-7a83-8dc1-c19f2adba321/source.tar.gz"
      },
      "original": {
        "type": "tarball",
        "url": "https://flakehub.com/f/numtide/treefmt-nix/%2A"
      }
    }
  },
  "root": "root",
  "version": 7
}
